PODS:
  - Expecta (1.0.5)
  - GSKStretchyHeaderView (0.10.1):
    - KVOController (~> 1.1)
  - KVOController (1.1.0)
  - Masonry (1.0.0)
  - OCMock (3.3)

DEPENDENCIES:
  - Expecta
  - GSKStretchyHeaderView (from `../`)
  - Masonry
  - OCMock

EXTERNAL SOURCES:
  GSKStretchyHeaderView:
    :path: ../

SPEC CHECKSUMS:
  Expecta: e1c022fcd33910b6be89c291d2775b3fe27a89fe
  GSKStretchyHeaderView: 370cfa088b94bab7f9740f7900be3c3b4f0a302e
  KVOController: 321b5fc59300fcaabd42c0f679baa7a27efbb2fd
  Masonry: b529bb169217897b6354d4b56b1fada6d475b13d
  OCMock: d68685bde31f69cb61d518dcb39269080c78b5ed

PODFILE CHECKSUM: 06ea78cbed48d7134878553f01c2f4e8790c20e5

COCOAPODS: 1.0.0
