PODS:
  - Expecta (1.0.5)
  - GSKStretchyHeaderView (0.10.0):
    - KVOController (~> 1.1)
  - KVOController (1.1.0)
  - Masonry (1.0.0)
  - OCMock (3.3)

DEPENDENCIES:
  - Expecta
  - GSKStretchyHeaderView (from `../`)
  - Masonry
  - OCMock

EXTERNAL SOURCES:
  GSKStretchyHeaderView:
    :path: ../

SPEC CHECKSUMS:
  Expecta: e1c022fcd33910b6be89c291d2775b3fe27a89fe
  GSKStretchyHeaderView: 6847cfc598735dad0132f2af8e0ca83335f42c70
  KVOController: 321b5fc59300fcaabd42c0f679baa7a27efbb2fd
  Masonry: b529bb169217897b6354d4b56b1fada6d475b13d
  OCMock: d68685bde31f69cb61d518dcb39269080c78b5ed

PODFILE CHECKSUM: 4941bd39a7671735983e240ad3eca402cb040881

COCOAPODS: 1.0.0
