PODS:
  - GSKStretchyHeaderView (0.12.0)
  - Masonry (1.0.1)

DEPENDENCIES:
  - GSKStretchyHeaderView (from `../`)
  - Masonry

EXTERNAL SOURCES:
  GSKStretchyHeaderView:
    :path: "../"

SPEC CHECKSUMS:
  GSKStretchyHeaderView: 25554059df35b7b01b37373eba1e1e57582c45a2
  Masonry: a1a931a0d08870ed8ae415a2ea5ea68ebcac77df

PODFILE CHECKSUM: d2d76392ebaf9a2519a5ffd1b02145c1bf8e7420

COCOAPODS: 1.0.1
